
Microsoft Visual Studio Solution File, Format Version 12.00
# Visual Studio 15
VisualStudioVersion = 15.0.28307.852
MinimumVisualStudioVersion = 10.0.40219.1
Project("{FAE04EC0-301F-11D3-BF4B-00C04F79EFBC}") = "pvone.Android", "pvone\pvone.Android\pvone.Android.csproj", "{473607CC-280A-4068-8E63-080EABAD2F66}"
EndProject
Project("{FAE04EC0-301F-11D3-BF4B-00C04F79EFBC}") = "pvone.iOS", "pvone\pvone.iOS\pvone.iOS.csproj", "{F7F1E6A2-47BC-49DD-AF9F-55CB59D88EE9}"
EndProject
Project("{9A19103F-16F7-4668-BE54-9A1E7A4F7556}") = "pvone", "pvone\pvone\pvone.csproj", "{EE73A4AC-8DE5-4595-A877-0B51C0865F66}"
EndProject
Project("{FAE04EC0-301F-11D3-BF4B-00C04F79EFBC}") = "pvone.Backend", "pvone.Backend\pvone.Backend.csproj", "{3A0324FF-5AF0-4DEF-9D33-9665765F7E83}"
EndProject
Project("{FAE04EC0-301F-11D3-BF4B-00C04F79EFBC}") = "pvone.API", "pvone.API\pvone.API.csproj", "{CC7A5197-83F0-4E19-BD97-D375C717A732}"
EndProject
Project("{FAE04EC0-301F-11D3-BF4B-00C04F79EFBC}") = "pvone.Domain", "pvone.Domain\pvone.Domain.csproj", "{773E8C1F-9DB5-42B7-B524-32325B9B0060}"
EndProject
Project("{FAE04EC0-301F-11D3-BF4B-00C04F79EFBC}") = "pvone.Common", "pvone.Common\pvone.Common.csproj", "{4FECF88C-C73D-414E-B3D9-30D24BCEBA0E}"
EndProject
Global
	GlobalSection(SolutionConfigurationPlatforms) = preSolution
		Ad-Hoc|Any CPU = Ad-Hoc|Any CPU
		Ad-Hoc|ARM = Ad-Hoc|ARM
		Ad-Hoc|iPhone = Ad-Hoc|iPhone
		Ad-Hoc|iPhoneSimulator = Ad-Hoc|iPhoneSimulator
		Ad-Hoc|x64 = Ad-Hoc|x64
		Ad-Hoc|x86 = Ad-Hoc|x86
		AppStore|Any CPU = AppStore|Any CPU
		AppStore|ARM = AppStore|ARM
		AppStore|iPhone = AppStore|iPhone
		AppStore|iPhoneSimulator = AppStore|iPhoneSimulator
		AppStore|x64 = AppStore|x64
		AppStore|x86 = AppStore|x86
		Debug|Any CPU = Debug|Any CPU
		Debug|ARM = Debug|ARM
		Debug|iPhone = Debug|iPhone
		Debug|iPhoneSimulator = Debug|iPhoneSimulator
		Debug|x64 = Debug|x64
		Debug|x86 = Debug|x86
		Release|Any CPU = Release|Any CPU
		Release|ARM = Release|ARM
		Release|iPhone = Release|iPhone
		Release|iPhoneSimulator = Release|iPhoneSimulator
		Release|x64 = Release|x64
		Release|x86 = Release|x86
	EndGlobalSection
	GlobalSection(ProjectConfigurationPlatforms) = postSolution
		{473607CC-280A-4068-8E63-080EABAD2F66}.Ad-Hoc|Any CPU.ActiveCfg = Release|Any CPU
		{473607CC-280A-4068-8E63-080EABAD2F66}.Ad-Hoc|Any CPU.Build.0 = Release|Any CPU
		{473607CC-280A-4068-8E63-080EABAD2F66}.Ad-Hoc|Any CPU.Deploy.0 = Release|Any CPU
		{473607CC-280A-4068-8E63-080EABAD2F66}.Ad-Hoc|ARM.ActiveCfg = Release|Any CPU
		{473607CC-280A-4068-8E63-080EABAD2F66}.Ad-Hoc|ARM.Build.0 = Release|Any CPU
		{473607CC-280A-4068-8E63-080EABAD2F66}.Ad-Hoc|ARM.Deploy.0 = Release|Any CPU
		{473607CC-280A-4068-8E63-080EABAD2F66}.Ad-Hoc|iPhone.ActiveCfg = Release|Any CPU
		{473607CC-280A-4068-8E63-080EABAD2F66}.Ad-Hoc|iPhone.Build.0 = Release|Any CPU
		{473607CC-280A-4068-8E63-080EABAD2F66}.Ad-Hoc|iPhone.Deploy.0 = Release|Any CPU
		{473607CC-280A-4068-8E63-080EABAD2F66}.Ad-Hoc|iPhoneSimulator.ActiveCfg = Release|Any CPU
		{473607CC-280A-4068-8E63-080EABAD2F66}.Ad-Hoc|iPhoneSimulator.Build.0 = Release|Any CPU
		{473607CC-280A-4068-8E63-080EABAD2F66}.Ad-Hoc|iPhoneSimulator.Deploy.0 = Release|Any CPU
		{473607CC-280A-4068-8E63-080EABAD2F66}.Ad-Hoc|x64.ActiveCfg = Release|Any CPU
		{473607CC-280A-4068-8E63-080EABAD2F66}.Ad-Hoc|x64.Build.0 = Release|Any CPU
		{473607CC-280A-4068-8E63-080EABAD2F66}.Ad-Hoc|x64.Deploy.0 = Release|Any CPU
		{473607CC-280A-4068-8E63-080EABAD2F66}.Ad-Hoc|x86.ActiveCfg = Release|Any CPU
		{473607CC-280A-4068-8E63-080EABAD2F66}.Ad-Hoc|x86.Build.0 = Release|Any CPU
		{473607CC-280A-4068-8E63-080EABAD2F66}.Ad-Hoc|x86.Deploy.0 = Release|Any CPU
		{473607CC-280A-4068-8E63-080EABAD2F66}.AppStore|Any CPU.ActiveCfg = Release|Any CPU
		{473607CC-280A-4068-8E63-080EABAD2F66}.AppStore|Any CPU.Build.0 = Release|Any CPU
		{473607CC-280A-4068-8E63-080EABAD2F66}.AppStore|Any CPU.Deploy.0 = Release|Any CPU
		{473607CC-280A-4068-8E63-080EABAD2F66}.AppStore|ARM.ActiveCfg = Release|Any CPU
		{473607CC-280A-4068-8E63-080EABAD2F66}.AppStore|ARM.Build.0 = Release|Any CPU
		{473607CC-280A-4068-8E63-080EABAD2F66}.AppStore|ARM.Deploy.0 = Release|Any CPU
		{473607CC-280A-4068-8E63-080EABAD2F66}.AppStore|iPhone.ActiveCfg = Release|Any CPU
		{473607CC-280A-4068-8E63-080EABAD2F66}.AppStore|iPhone.Build.0 = Release|Any CPU
		{473607CC-280A-4068-8E63-080EABAD2F66}.AppStore|iPhone.Deploy.0 = Release|Any CPU
		{473607CC-280A-4068-8E63-080EABAD2F66}.AppStore|iPhoneSimulator.ActiveCfg = Release|Any CPU
		{473607CC-280A-4068-8E63-080EABAD2F66}.AppStore|iPhoneSimulator.Build.0 = Release|Any CPU
		{473607CC-280A-4068-8E63-080EABAD2F66}.AppStore|iPhoneSimulator.Deploy.0 = Release|Any CPU
		{473607CC-280A-4068-8E63-080EABAD2F66}.AppStore|x64.ActiveCfg = Release|Any CPU
		{473607CC-280A-4068-8E63-080EABAD2F66}.AppStore|x64.Build.0 = Release|Any CPU
		{473607CC-280A-4068-8E63-080EABAD2F66}.AppStore|x64.Deploy.0 = Release|Any CPU
		{473607CC-280A-4068-8E63-080EABAD2F66}.AppStore|x86.ActiveCfg = Release|Any CPU
		{473607CC-280A-4068-8E63-080EABAD2F66}.AppStore|x86.Build.0 = Release|Any CPU
		{473607CC-280A-4068-8E63-080EABAD2F66}.AppStore|x86.Deploy.0 = Release|Any CPU
		{473607CC-280A-4068-8E63-080EABAD2F66}.Debug|Any CPU.ActiveCfg = Debug|Any CPU
		{473607CC-280A-4068-8E63-080EABAD2F66}.Debug|Any CPU.Build.0 = Debug|Any CPU
		{473607CC-280A-4068-8E63-080EABAD2F66}.Debug|Any CPU.Deploy.0 = Debug|Any CPU
		{473607CC-280A-4068-8E63-080EABAD2F66}.Debug|ARM.ActiveCfg = Debug|Any CPU
		{473607CC-280A-4068-8E63-080EABAD2F66}.Debug|ARM.Build.0 = Debug|Any CPU
		{473607CC-280A-4068-8E63-080EABAD2F66}.Debug|ARM.Deploy.0 = Debug|Any CPU
		{473607CC-280A-4068-8E63-080EABAD2F66}.Debug|iPhone.ActiveCfg = Debug|Any CPU
		{473607CC-280A-4068-8E63-080EABAD2F66}.Debug|iPhone.Build.0 = Debug|Any CPU
		{473607CC-280A-4068-8E63-080EABAD2F66}.Debug|iPhone.Deploy.0 = Debug|Any CPU
		{473607CC-280A-4068-8E63-080EABAD2F66}.Debug|iPhoneSimulator.ActiveCfg = Debug|Any CPU
		{473607CC-280A-4068-8E63-080EABAD2F66}.Debug|iPhoneSimulator.Build.0 = Debug|Any CPU
		{473607CC-280A-4068-8E63-080EABAD2F66}.Debug|iPhoneSimulator.Deploy.0 = Debug|Any CPU
		{473607CC-280A-4068-8E63-080EABAD2F66}.Debug|x64.ActiveCfg = Debug|Any CPU
		{473607CC-280A-4068-8E63-080EABAD2F66}.Debug|x64.Build.0 = Debug|Any CPU
		{473607CC-280A-4068-8E63-080EABAD2F66}.Debug|x64.Deploy.0 = Debug|Any CPU
		{473607CC-280A-4068-8E63-080EABAD2F66}.Debug|x86.ActiveCfg = Debug|Any CPU
		{473607CC-280A-4068-8E63-080EABAD2F66}.Debug|x86.Build.0 = Debug|Any CPU
		{473607CC-280A-4068-8E63-080EABAD2F66}.Debug|x86.Deploy.0 = Debug|Any CPU
		{473607CC-280A-4068-8E63-080EABAD2F66}.Release|Any CPU.ActiveCfg = Release|Any CPU
		{473607CC-280A-4068-8E63-080EABAD2F66}.Release|Any CPU.Build.0 = Release|Any CPU
		{473607CC-280A-4068-8E63-080EABAD2F66}.Release|Any CPU.Deploy.0 = Release|Any CPU
		{473607CC-280A-4068-8E63-080EABAD2F66}.Release|ARM.ActiveCfg = Release|Any CPU
		{473607CC-280A-4068-8E63-080EABAD2F66}.Release|ARM.Build.0 = Release|Any CPU
		{473607CC-280A-4068-8E63-080EABAD2F66}.Release|ARM.Deploy.0 = Release|Any CPU
		{473607CC-280A-4068-8E63-080EABAD2F66}.Release|iPhone.ActiveCfg = Release|Any CPU
		{473607CC-280A-4068-8E63-080EABAD2F66}.Release|iPhone.Build.0 = Release|Any CPU
		{473607CC-280A-4068-8E63-080EABAD2F66}.Release|iPhone.Deploy.0 = Release|Any CPU
		{473607CC-280A-4068-8E63-080EABAD2F66}.Release|iPhoneSimulator.ActiveCfg = Release|Any CPU
		{473607CC-280A-4068-8E63-080EABAD2F66}.Release|iPhoneSimulator.Build.0 = Release|Any CPU
		{473607CC-280A-4068-8E63-080EABAD2F66}.Release|iPhoneSimulator.Deploy.0 = Release|Any CPU
		{473607CC-280A-4068-8E63-080EABAD2F66}.Release|x64.ActiveCfg = Release|Any CPU
		{473607CC-280A-4068-8E63-080EABAD2F66}.Release|x64.Build.0 = Release|Any CPU
		{473607CC-280A-4068-8E63-080EABAD2F66}.Release|x64.Deploy.0 = Release|Any CPU
		{473607CC-280A-4068-8E63-080EABAD2F66}.Release|x86.ActiveCfg = Release|Any CPU
		{473607CC-280A-4068-8E63-080EABAD2F66}.Release|x86.Build.0 = Release|Any CPU
		{473607CC-280A-4068-8E63-080EABAD2F66}.Release|x86.Deploy.0 = Release|Any CPU
		{F7F1E6A2-47BC-49DD-AF9F-55CB59D88EE9}.Ad-Hoc|Any CPU.ActiveCfg = Ad-Hoc|iPhone
		{F7F1E6A2-47BC-49DD-AF9F-55CB59D88EE9}.Ad-Hoc|Any CPU.Build.0 = Ad-Hoc|iPhone
		{F7F1E6A2-47BC-49DD-AF9F-55CB59D88EE9}.Ad-Hoc|Any CPU.Deploy.0 = Ad-Hoc|iPhone
		{F7F1E6A2-47BC-49DD-AF9F-55CB59D88EE9}.Ad-Hoc|ARM.ActiveCfg = Ad-Hoc|iPhone
		{F7F1E6A2-47BC-49DD-AF9F-55CB59D88EE9}.Ad-Hoc|ARM.Build.0 = Ad-Hoc|iPhone
		{F7F1E6A2-47BC-49DD-AF9F-55CB59D88EE9}.Ad-Hoc|ARM.Deploy.0 = Ad-Hoc|iPhone
		{F7F1E6A2-47BC-49DD-AF9F-55CB59D88EE9}.Ad-Hoc|iPhone.ActiveCfg = Ad-Hoc|iPhone
		{F7F1E6A2-47BC-49DD-AF9F-55CB59D88EE9}.Ad-Hoc|iPhone.Build.0 = Ad-Hoc|iPhone
		{F7F1E6A2-47BC-49DD-AF9F-55CB59D88EE9}.Ad-Hoc|iPhone.Deploy.0 = Ad-Hoc|iPhone
		{F7F1E6A2-47BC-49DD-AF9F-55CB59D88EE9}.Ad-Hoc|iPhoneSimulator.ActiveCfg = Ad-Hoc|iPhoneSimulator
		{F7F1E6A2-47BC-49DD-AF9F-55CB59D88EE9}.Ad-Hoc|iPhoneSimulator.Build.0 = Ad-Hoc|iPhoneSimulator
		{F7F1E6A2-47BC-49DD-AF9F-55CB59D88EE9}.Ad-Hoc|iPhoneSimulator.Deploy.0 = Ad-Hoc|iPhoneSimulator
		{F7F1E6A2-47BC-49DD-AF9F-55CB59D88EE9}.Ad-Hoc|x64.ActiveCfg = Ad-Hoc|iPhone
		{F7F1E6A2-47BC-49DD-AF9F-55CB59D88EE9}.Ad-Hoc|x64.Build.0 = Ad-Hoc|iPhone
		{F7F1E6A2-47BC-49DD-AF9F-55CB59D88EE9}.Ad-Hoc|x64.Deploy.0 = Ad-Hoc|iPhone
		{F7F1E6A2-47BC-49DD-AF9F-55CB59D88EE9}.Ad-Hoc|x86.ActiveCfg = Ad-Hoc|iPhone
		{F7F1E6A2-47BC-49DD-AF9F-55CB59D88EE9}.Ad-Hoc|x86.Build.0 = Ad-Hoc|iPhone
		{F7F1E6A2-47BC-49DD-AF9F-55CB59D88EE9}.Ad-Hoc|x86.Deploy.0 = Ad-Hoc|iPhone
		{F7F1E6A2-47BC-49DD-AF9F-55CB59D88EE9}.AppStore|Any CPU.ActiveCfg = AppStore|iPhone
		{F7F1E6A2-47BC-49DD-AF9F-55CB59D88EE9}.AppStore|Any CPU.Build.0 = AppStore|iPhone
		{F7F1E6A2-47BC-49DD-AF9F-55CB59D88EE9}.AppStore|Any CPU.Deploy.0 = AppStore|iPhone
		{F7F1E6A2-47BC-49DD-AF9F-55CB59D88EE9}.AppStore|ARM.ActiveCfg = AppStore|iPhone
		{F7F1E6A2-47BC-49DD-AF9F-55CB59D88EE9}.AppStore|ARM.Build.0 = AppStore|iPhone
		{F7F1E6A2-47BC-49DD-AF9F-55CB59D88EE9}.AppStore|ARM.Deploy.0 = AppStore|iPhone
		{F7F1E6A2-47BC-49DD-AF9F-55CB59D88EE9}.AppStore|iPhone.ActiveCfg = AppStore|iPhone
		{F7F1E6A2-47BC-49DD-AF9F-55CB59D88EE9}.AppStore|iPhone.Build.0 = AppStore|iPhone
		{F7F1E6A2-47BC-49DD-AF9F-55CB59D88EE9}.AppStore|iPhone.Deploy.0 = AppStore|iPhone
		{F7F1E6A2-47BC-49DD-AF9F-55CB59D88EE9}.AppStore|iPhoneSimulator.ActiveCfg = AppStore|iPhoneSimulator
		{F7F1E6A2-47BC-49DD-AF9F-55CB59D88EE9}.AppStore|iPhoneSimulator.Build.0 = AppStore|iPhoneSimulator
		{F7F1E6A2-47BC-49DD-AF9F-55CB59D88EE9}.AppStore|iPhoneSimulator.Deploy.0 = AppStore|iPhoneSimulator
		{F7F1E6A2-47BC-49DD-AF9F-55CB59D88EE9}.AppStore|x64.ActiveCfg = AppStore|iPhone
		{F7F1E6A2-47BC-49DD-AF9F-55CB59D88EE9}.AppStore|x64.Build.0 = AppStore|iPhone
		{F7F1E6A2-47BC-49DD-AF9F-55CB59D88EE9}.AppStore|x64.Deploy.0 = AppStore|iPhone
		{F7F1E6A2-47BC-49DD-AF9F-55CB59D88EE9}.AppStore|x86.ActiveCfg = AppStore|iPhone
		{F7F1E6A2-47BC-49DD-AF9F-55CB59D88EE9}.AppStore|x86.Build.0 = AppStore|iPhone
		{F7F1E6A2-47BC-49DD-AF9F-55CB59D88EE9}.AppStore|x86.Deploy.0 = AppStore|iPhone
		{F7F1E6A2-47BC-49DD-AF9F-55CB59D88EE9}.Debug|Any CPU.ActiveCfg = Debug|iPhoneSimulator
		{F7F1E6A2-47BC-49DD-AF9F-55CB59D88EE9}.Debug|Any CPU.Build.0 = Debug|iPhoneSimulator
		{F7F1E6A2-47BC-49DD-AF9F-55CB59D88EE9}.Debug|Any CPU.Deploy.0 = Debug|iPhoneSimulator
		{F7F1E6A2-47BC-49DD-AF9F-55CB59D88EE9}.Debug|ARM.ActiveCfg = Debug|iPhone
		{F7F1E6A2-47BC-49DD-AF9F-55CB59D88EE9}.Debug|ARM.Build.0 = Debug|iPhone
		{F7F1E6A2-47BC-49DD-AF9F-55CB59D88EE9}.Debug|ARM.Deploy.0 = Debug|iPhone
		{F7F1E6A2-47BC-49DD-AF9F-55CB59D88EE9}.Debug|iPhone.ActiveCfg = Debug|iPhone
		{F7F1E6A2-47BC-49DD-AF9F-55CB59D88EE9}.Debug|iPhone.Build.0 = Debug|iPhone
		{F7F1E6A2-47BC-49DD-AF9F-55CB59D88EE9}.Debug|iPhone.Deploy.0 = Debug|iPhone
		{F7F1E6A2-47BC-49DD-AF9F-55CB59D88EE9}.Debug|iPhoneSimulator.ActiveCfg = Debug|iPhoneSimulator
		{F7F1E6A2-47BC-49DD-AF9F-55CB59D88EE9}.Debug|iPhoneSimulator.Build.0 = Debug|iPhoneSimulator
		{F7F1E6A2-47BC-49DD-AF9F-55CB59D88EE9}.Debug|iPhoneSimulator.Deploy.0 = Debug|iPhoneSimulator
		{F7F1E6A2-47BC-49DD-AF9F-55CB59D88EE9}.Debug|x64.ActiveCfg = Debug|iPhone
		{F7F1E6A2-47BC-49DD-AF9F-55CB59D88EE9}.Debug|x64.Build.0 = Debug|iPhone
		{F7F1E6A2-47BC-49DD-AF9F-55CB59D88EE9}.Debug|x64.Deploy.0 = Debug|iPhone
		{F7F1E6A2-47BC-49DD-AF9F-55CB59D88EE9}.Debug|x86.ActiveCfg = Debug|iPhone
		{F7F1E6A2-47BC-49DD-AF9F-55CB59D88EE9}.Debug|x86.Build.0 = Debug|iPhone
		{F7F1E6A2-47BC-49DD-AF9F-55CB59D88EE9}.Debug|x86.Deploy.0 = Debug|iPhone
		{F7F1E6A2-47BC-49DD-AF9F-55CB59D88EE9}.Release|Any CPU.ActiveCfg = Release|iPhone
		{F7F1E6A2-47BC-49DD-AF9F-55CB59D88EE9}.Release|Any CPU.Build.0 = Release|iPhone
		{F7F1E6A2-47BC-49DD-AF9F-55CB59D88EE9}.Release|Any CPU.Deploy.0 = Release|iPhone
		{F7F1E6A2-47BC-49DD-AF9F-55CB59D88EE9}.Release|ARM.ActiveCfg = Release|iPhone
		{F7F1E6A2-47BC-49DD-AF9F-55CB59D88EE9}.Release|ARM.Build.0 = Release|iPhone
		{F7F1E6A2-47BC-49DD-AF9F-55CB59D88EE9}.Release|ARM.Deploy.0 = Release|iPhone
		{F7F1E6A2-47BC-49DD-AF9F-55CB59D88EE9}.Release|iPhone.ActiveCfg = Release|iPhone
		{F7F1E6A2-47BC-49DD-AF9F-55CB59D88EE9}.Release|iPhone.Build.0 = Release|iPhone
		{F7F1E6A2-47BC-49DD-AF9F-55CB59D88EE9}.Release|iPhone.Deploy.0 = Release|iPhone
		{F7F1E6A2-47BC-49DD-AF9F-55CB59D88EE9}.Release|iPhoneSimulator.ActiveCfg = Release|iPhoneSimulator
		{F7F1E6A2-47BC-49DD-AF9F-55CB59D88EE9}.Release|iPhoneSimulator.Build.0 = Release|iPhoneSimulator
		{F7F1E6A2-47BC-49DD-AF9F-55CB59D88EE9}.Release|iPhoneSimulator.Deploy.0 = Release|iPhoneSimulator
		{F7F1E6A2-47BC-49DD-AF9F-55CB59D88EE9}.Release|x64.ActiveCfg = Release|iPhone
		{F7F1E6A2-47BC-49DD-AF9F-55CB59D88EE9}.Release|x64.Build.0 = Release|iPhone
		{F7F1E6A2-47BC-49DD-AF9F-55CB59D88EE9}.Release|x64.Deploy.0 = Release|iPhone
		{F7F1E6A2-47BC-49DD-AF9F-55CB59D88EE9}.Release|x86.ActiveCfg = Release|iPhone
		{F7F1E6A2-47BC-49DD-AF9F-55CB59D88EE9}.Release|x86.Build.0 = Release|iPhone
		{F7F1E6A2-47BC-49DD-AF9F-55CB59D88EE9}.Release|x86.Deploy.0 = Release|iPhone
		{EE73A4AC-8DE5-4595-A877-0B51C0865F66}.Ad-Hoc|Any CPU.ActiveCfg = Debug|Any CPU
		{EE73A4AC-8DE5-4595-A877-0B51C0865F66}.Ad-Hoc|Any CPU.Build.0 = Debug|Any CPU
		{EE73A4AC-8DE5-4595-A877-0B51C0865F66}.Ad-Hoc|Any CPU.Deploy.0 = Debug|Any CPU
		{EE73A4AC-8DE5-4595-A877-0B51C0865F66}.Ad-Hoc|ARM.ActiveCfg = Debug|Any CPU
		{EE73A4AC-8DE5-4595-A877-0B51C0865F66}.Ad-Hoc|ARM.Build.0 = Debug|Any CPU
		{EE73A4AC-8DE5-4595-A877-0B51C0865F66}.Ad-Hoc|ARM.Deploy.0 = Debug|Any CPU
		{EE73A4AC-8DE5-4595-A877-0B51C0865F66}.Ad-Hoc|iPhone.ActiveCfg = Debug|Any CPU
		{EE73A4AC-8DE5-4595-A877-0B51C0865F66}.Ad-Hoc|iPhone.Build.0 = Debug|Any CPU
		{EE73A4AC-8DE5-4595-A877-0B51C0865F66}.Ad-Hoc|iPhone.Deploy.0 = Debug|Any CPU
		{EE73A4AC-8DE5-4595-A877-0B51C0865F66}.Ad-Hoc|iPhoneSimulator.ActiveCfg = Debug|Any CPU
		{EE73A4AC-8DE5-4595-A877-0B51C0865F66}.Ad-Hoc|iPhoneSimulator.Build.0 = Debug|Any CPU
		{EE73A4AC-8DE5-4595-A877-0B51C0865F66}.Ad-Hoc|iPhoneSimulator.Deploy.0 = Debug|Any CPU
		{EE73A4AC-8DE5-4595-A877-0B51C0865F66}.Ad-Hoc|x64.ActiveCfg = Debug|Any CPU
		{EE73A4AC-8DE5-4595-A877-0B51C0865F66}.Ad-Hoc|x64.Build.0 = Debug|Any CPU
		{EE73A4AC-8DE5-4595-A877-0B51C0865F66}.Ad-Hoc|x64.Deploy.0 = Debug|Any CPU
		{EE73A4AC-8DE5-4595-A877-0B51C0865F66}.Ad-Hoc|x86.ActiveCfg = Debug|Any CPU
		{EE73A4AC-8DE5-4595-A877-0B51C0865F66}.Ad-Hoc|x86.Build.0 = Debug|Any CPU
		{EE73A4AC-8DE5-4595-A877-0B51C0865F66}.Ad-Hoc|x86.Deploy.0 = Debug|Any CPU
		{EE73A4AC-8DE5-4595-A877-0B51C0865F66}.AppStore|Any CPU.ActiveCfg = Debug|Any CPU
		{EE73A4AC-8DE5-4595-A877-0B51C0865F66}.AppStore|Any CPU.Build.0 = Debug|Any CPU
		{EE73A4AC-8DE5-4595-A877-0B51C0865F66}.AppStore|Any CPU.Deploy.0 = Debug|Any CPU
		{EE73A4AC-8DE5-4595-A877-0B51C0865F66}.AppStore|ARM.ActiveCfg = Debug|Any CPU
		{EE73A4AC-8DE5-4595-A877-0B51C0865F66}.AppStore|ARM.Build.0 = Debug|Any CPU
		{EE73A4AC-8DE5-4595-A877-0B51C0865F66}.AppStore|ARM.Deploy.0 = Debug|Any CPU
		{EE73A4AC-8DE5-4595-A877-0B51C0865F66}.AppStore|iPhone.ActiveCfg = Debug|Any CPU
		{EE73A4AC-8DE5-4595-A877-0B51C0865F66}.AppStore|iPhone.Build.0 = Debug|Any CPU
		{EE73A4AC-8DE5-4595-A877-0B51C0865F66}.AppStore|iPhone.Deploy.0 = Debug|Any CPU
		{EE73A4AC-8DE5-4595-A877-0B51C0865F66}.AppStore|iPhoneSimulator.ActiveCfg = Debug|Any CPU
		{EE73A4AC-8DE5-4595-A877-0B51C0865F66}.AppStore|iPhoneSimulator.Build.0 = Debug|Any CPU
		{EE73A4AC-8DE5-4595-A877-0B51C0865F66}.AppStore|iPhoneSimulator.Deploy.0 = Debug|Any CPU
		{EE73A4AC-8DE5-4595-A877-0B51C0865F66}.AppStore|x64.ActiveCfg = Debug|Any CPU
		{EE73A4AC-8DE5-4595-A877-0B51C0865F66}.AppStore|x64.Build.0 = Debug|Any CPU
		{EE73A4AC-8DE5-4595-A877-0B51C0865F66}.AppStore|x64.Deploy.0 = Debug|Any CPU
		{EE73A4AC-8DE5-4595-A877-0B51C0865F66}.AppStore|x86.ActiveCfg = Debug|Any CPU
		{EE73A4AC-8DE5-4595-A877-0B51C0865F66}.AppStore|x86.Build.0 = Debug|Any CPU
		{EE73A4AC-8DE5-4595-A877-0B51C0865F66}.AppStore|x86.Deploy.0 = Debug|Any CPU
		{EE73A4AC-8DE5-4595-A877-0B51C0865F66}.Debug|Any CPU.ActiveCfg = Debug|Any CPU
		{EE73A4AC-8DE5-4595-A877-0B51C0865F66}.Debug|Any CPU.Build.0 = Debug|Any CPU
		{EE73A4AC-8DE5-4595-A877-0B51C0865F66}.Debug|Any CPU.Deploy.0 = Debug|Any CPU
		{EE73A4AC-8DE5-4595-A877-0B51C0865F66}.Debug|ARM.ActiveCfg = Debug|Any CPU
		{EE73A4AC-8DE5-4595-A877-0B51C0865F66}.Debug|ARM.Build.0 = Debug|Any CPU
		{EE73A4AC-8DE5-4595-A877-0B51C0865F66}.Debug|ARM.Deploy.0 = Debug|Any CPU
		{EE73A4AC-8DE5-4595-A877-0B51C0865F66}.Debug|iPhone.ActiveCfg = Debug|Any CPU
		{EE73A4AC-8DE5-4595-A877-0B51C0865F66}.Debug|iPhone.Build.0 = Debug|Any CPU
		{EE73A4AC-8DE5-4595-A877-0B51C0865F66}.Debug|iPhone.Deploy.0 = Debug|Any CPU
		{EE73A4AC-8DE5-4595-A877-0B51C0865F66}.Debug|iPhoneSimulator.ActiveCfg = Debug|Any CPU
		{EE73A4AC-8DE5-4595-A877-0B51C0865F66}.Debug|iPhoneSimulator.Build.0 = Debug|Any CPU
		{EE73A4AC-8DE5-4595-A877-0B51C0865F66}.Debug|iPhoneSimulator.Deploy.0 = Debug|Any CPU
		{EE73A4AC-8DE5-4595-A877-0B51C0865F66}.Debug|x64.ActiveCfg = Debug|Any CPU
		{EE73A4AC-8DE5-4595-A877-0B51C0865F66}.Debug|x64.Build.0 = Debug|Any CPU
		{EE73A4AC-8DE5-4595-A877-0B51C0865F66}.Debug|x64.Deploy.0 = Debug|Any CPU
		{EE73A4AC-8DE5-4595-A877-0B51C0865F66}.Debug|x86.ActiveCfg = Debug|Any CPU
		{EE73A4AC-8DE5-4595-A877-0B51C0865F66}.Debug|x86.Build.0 = Debug|Any CPU
		{EE73A4AC-8DE5-4595-A877-0B51C0865F66}.Debug|x86.Deploy.0 = Debug|Any CPU
		{EE73A4AC-8DE5-4595-A877-0B51C0865F66}.Release|Any CPU.ActiveCfg = Release|Any CPU
		{EE73A4AC-8DE5-4595-A877-0B51C0865F66}.Release|Any CPU.Build.0 = Release|Any CPU
		{EE73A4AC-8DE5-4595-A877-0B51C0865F66}.Release|Any CPU.Deploy.0 = Release|Any CPU
		{EE73A4AC-8DE5-4595-A877-0B51C0865F66}.Release|ARM.ActiveCfg = Release|Any CPU
		{EE73A4AC-8DE5-4595-A877-0B51C0865F66}.Release|ARM.Build.0 = Release|Any CPU
		{EE73A4AC-8DE5-4595-A877-0B51C0865F66}.Release|ARM.Deploy.0 = Release|Any CPU
		{EE73A4AC-8DE5-4595-A877-0B51C0865F66}.Release|iPhone.ActiveCfg = Release|Any CPU
		{EE73A4AC-8DE5-4595-A877-0B51C0865F66}.Release|iPhone.Build.0 = Release|Any CPU
		{EE73A4AC-8DE5-4595-A877-0B51C0865F66}.Release|iPhone.Deploy.0 = Release|Any CPU
		{EE73A4AC-8DE5-4595-A877-0B51C0865F66}.Release|iPhoneSimulator.ActiveCfg = Release|Any CPU
		{EE73A4AC-8DE5-4595-A877-0B51C0865F66}.Release|iPhoneSimulator.Build.0 = Release|Any CPU
		{EE73A4AC-8DE5-4595-A877-0B51C0865F66}.Release|iPhoneSimulator.Deploy.0 = Release|Any CPU
		{EE73A4AC-8DE5-4595-A877-0B51C0865F66}.Release|x64.ActiveCfg = Release|Any CPU
		{EE73A4AC-8DE5-4595-A877-0B51C0865F66}.Release|x64.Build.0 = Release|Any CPU
		{EE73A4AC-8DE5-4595-A877-0B51C0865F66}.Release|x64.Deploy.0 = Release|Any CPU
		{EE73A4AC-8DE5-4595-A877-0B51C0865F66}.Release|x86.ActiveCfg = Release|Any CPU
		{EE73A4AC-8DE5-4595-A877-0B51C0865F66}.Release|x86.Build.0 = Release|Any CPU
		{EE73A4AC-8DE5-4595-A877-0B51C0865F66}.Release|x86.Deploy.0 = Release|Any CPU
		{3A0324FF-5AF0-4DEF-9D33-9665765F7E83}.Ad-Hoc|Any CPU.ActiveCfg = Release|Any CPU
		{3A0324FF-5AF0-4DEF-9D33-9665765F7E83}.Ad-Hoc|Any CPU.Build.0 = Release|Any CPU
		{3A0324FF-5AF0-4DEF-9D33-9665765F7E83}.Ad-Hoc|ARM.ActiveCfg = Release|Any CPU
		{3A0324FF-5AF0-4DEF-9D33-9665765F7E83}.Ad-Hoc|ARM.Build.0 = Release|Any CPU
		{3A0324FF-5AF0-4DEF-9D33-9665765F7E83}.Ad-Hoc|iPhone.ActiveCfg = Release|Any CPU
		{3A0324FF-5AF0-4DEF-9D33-9665765F7E83}.Ad-Hoc|iPhone.Build.0 = Release|Any CPU
		{3A0324FF-5AF0-4DEF-9D33-9665765F7E83}.Ad-Hoc|iPhoneSimulator.ActiveCfg = Release|Any CPU
		{3A0324FF-5AF0-4DEF-9D33-9665765F7E83}.Ad-Hoc|iPhoneSimulator.Build.0 = Release|Any CPU
		{3A0324FF-5AF0-4DEF-9D33-9665765F7E83}.Ad-Hoc|x64.ActiveCfg = Release|Any CPU
		{3A0324FF-5AF0-4DEF-9D33-9665765F7E83}.Ad-Hoc|x64.Build.0 = Release|Any CPU
		{3A0324FF-5AF0-4DEF-9D33-9665765F7E83}.Ad-Hoc|x86.ActiveCfg = Release|Any CPU
		{3A0324FF-5AF0-4DEF-9D33-9665765F7E83}.Ad-Hoc|x86.Build.0 = Release|Any CPU
		{3A0324FF-5AF0-4DEF-9D33-9665765F7E83}.AppStore|Any CPU.ActiveCfg = Release|Any CPU
		{3A0324FF-5AF0-4DEF-9D33-9665765F7E83}.AppStore|Any CPU.Build.0 = Release|Any CPU
		{3A0324FF-5AF0-4DEF-9D33-9665765F7E83}.AppStore|ARM.ActiveCfg = Release|Any CPU
		{3A0324FF-5AF0-4DEF-9D33-9665765F7E83}.AppStore|ARM.Build.0 = Release|Any CPU
		{3A0324FF-5AF0-4DEF-9D33-9665765F7E83}.AppStore|iPhone.ActiveCfg = Release|Any CPU
		{3A0324FF-5AF0-4DEF-9D33-9665765F7E83}.AppStore|iPhone.Build.0 = Release|Any CPU
		{3A0324FF-5AF0-4DEF-9D33-9665765F7E83}.AppStore|iPhoneSimulator.ActiveCfg = Release|Any CPU
		{3A0324FF-5AF0-4DEF-9D33-9665765F7E83}.AppStore|iPhoneSimulator.Build.0 = Release|Any CPU
		{3A0324FF-5AF0-4DEF-9D33-9665765F7E83}.AppStore|x64.ActiveCfg = Release|Any CPU
		{3A0324FF-5AF0-4DEF-9D33-9665765F7E83}.AppStore|x64.Build.0 = Release|Any CPU
		{3A0324FF-5AF0-4DEF-9D33-9665765F7E83}.AppStore|x86.ActiveCfg = Release|Any CPU
		{3A0324FF-5AF0-4DEF-9D33-9665765F7E83}.AppStore|x86.Build.0 = Release|Any CPU
		{3A0324FF-5AF0-4DEF-9D33-9665765F7E83}.Debug|Any CPU.ActiveCfg = Debug|Any CPU
		{3A0324FF-5AF0-4DEF-9D33-9665765F7E83}.Debug|Any CPU.Build.0 = Debug|Any CPU
		{3A0324FF-5AF0-4DEF-9D33-9665765F7E83}.Debug|ARM.ActiveCfg = Debug|Any CPU
		{3A0324FF-5AF0-4DEF-9D33-9665765F7E83}.Debug|ARM.Build.0 = Debug|Any CPU
		{3A0324FF-5AF0-4DEF-9D33-9665765F7E83}.Debug|iPhone.ActiveCfg = Debug|Any CPU
		{3A0324FF-5AF0-4DEF-9D33-9665765F7E83}.Debug|iPhone.Build.0 = Debug|Any CPU
		{3A0324FF-5AF0-4DEF-9D33-9665765F7E83}.Debug|iPhoneSimulator.ActiveCfg = Debug|Any CPU
		{3A0324FF-5AF0-4DEF-9D33-9665765F7E83}.Debug|iPhoneSimulator.Build.0 = Debug|Any CPU
		{3A0324FF-5AF0-4DEF-9D33-9665765F7E83}.Debug|x64.ActiveCfg = Debug|Any CPU
		{3A0324FF-5AF0-4DEF-9D33-9665765F7E83}.Debug|x64.Build.0 = Debug|Any CPU
		{3A0324FF-5AF0-4DEF-9D33-9665765F7E83}.Debug|x86.ActiveCfg = Debug|Any CPU
		{3A0324FF-5AF0-4DEF-9D33-9665765F7E83}.Debug|x86.Build.0 = Debug|Any CPU
		{3A0324FF-5AF0-4DEF-9D33-9665765F7E83}.Release|Any CPU.ActiveCfg = Release|Any CPU
		{3A0324FF-5AF0-4DEF-9D33-9665765F7E83}.Release|Any CPU.Build.0 = Release|Any CPU
		{3A0324FF-5AF0-4DEF-9D33-9665765F7E83}.Release|ARM.ActiveCfg = Release|Any CPU
		{3A0324FF-5AF0-4DEF-9D33-9665765F7E83}.Release|ARM.Build.0 = Release|Any CPU
		{3A0324FF-5AF0-4DEF-9D33-9665765F7E83}.Release|iPhone.ActiveCfg = Release|Any CPU
		{3A0324FF-5AF0-4DEF-9D33-9665765F7E83}.Release|iPhone.Build.0 = Release|Any CPU
		{3A0324FF-5AF0-4DEF-9D33-9665765F7E83}.Release|iPhoneSimulator.ActiveCfg = Release|Any CPU
		{3A0324FF-5AF0-4DEF-9D33-9665765F7E83}.Release|iPhoneSimulator.Build.0 = Release|Any CPU
		{3A0324FF-5AF0-4DEF-9D33-9665765F7E83}.Release|x64.ActiveCfg = Release|Any CPU
		{3A0324FF-5AF0-4DEF-9D33-9665765F7E83}.Release|x64.Build.0 = Release|Any CPU
		{3A0324FF-5AF0-4DEF-9D33-9665765F7E83}.Release|x86.ActiveCfg = Release|Any CPU
		{3A0324FF-5AF0-4DEF-9D33-9665765F7E83}.Release|x86.Build.0 = Release|Any CPU
		{CC7A5197-83F0-4E19-BD97-D375C717A732}.Ad-Hoc|Any CPU.ActiveCfg = Release|Any CPU
		{CC7A5197-83F0-4E19-BD97-D375C717A732}.Ad-Hoc|Any CPU.Build.0 = Release|Any CPU
		{CC7A5197-83F0-4E19-BD97-D375C717A732}.Ad-Hoc|ARM.ActiveCfg = Release|Any CPU
		{CC7A5197-83F0-4E19-BD97-D375C717A732}.Ad-Hoc|ARM.Build.0 = Release|Any CPU
		{CC7A5197-83F0-4E19-BD97-D375C717A732}.Ad-Hoc|iPhone.ActiveCfg = Release|Any CPU
		{CC7A5197-83F0-4E19-BD97-D375C717A732}.Ad-Hoc|iPhone.Build.0 = Release|Any CPU
		{CC7A5197-83F0-4E19-BD97-D375C717A732}.Ad-Hoc|iPhoneSimulator.ActiveCfg = Release|Any CPU
		{CC7A5197-83F0-4E19-BD97-D375C717A732}.Ad-Hoc|iPhoneSimulator.Build.0 = Release|Any CPU
		{CC7A5197-83F0-4E19-BD97-D375C717A732}.Ad-Hoc|x64.ActiveCfg = Release|Any CPU
		{CC7A5197-83F0-4E19-BD97-D375C717A732}.Ad-Hoc|x64.Build.0 = Release|Any CPU
		{CC7A5197-83F0-4E19-BD97-D375C717A732}.Ad-Hoc|x86.ActiveCfg = Release|Any CPU
		{CC7A5197-83F0-4E19-BD97-D375C717A732}.Ad-Hoc|x86.Build.0 = Release|Any CPU
		{CC7A5197-83F0-4E19-BD97-D375C717A732}.AppStore|Any CPU.ActiveCfg = Release|Any CPU
		{CC7A5197-83F0-4E19-BD97-D375C717A732}.AppStore|Any CPU.Build.0 = Release|Any CPU
		{CC7A5197-83F0-4E19-BD97-D375C717A732}.AppStore|ARM.ActiveCfg = Release|Any CPU
		{CC7A5197-83F0-4E19-BD97-D375C717A732}.AppStore|ARM.Build.0 = Release|Any CPU
		{CC7A5197-83F0-4E19-BD97-D375C717A732}.AppStore|iPhone.ActiveCfg = Release|Any CPU
		{CC7A5197-83F0-4E19-BD97-D375C717A732}.AppStore|iPhone.Build.0 = Release|Any CPU
		{CC7A5197-83F0-4E19-BD97-D375C717A732}.AppStore|iPhoneSimulator.ActiveCfg = Release|Any CPU
		{CC7A5197-83F0-4E19-BD97-D375C717A732}.AppStore|iPhoneSimulator.Build.0 = Release|Any CPU
		{CC7A5197-83F0-4E19-BD97-D375C717A732}.AppStore|x64.ActiveCfg = Release|Any CPU
		{CC7A5197-83F0-4E19-BD97-D375C717A732}.AppStore|x64.Build.0 = Release|Any CPU
		{CC7A5197-83F0-4E19-BD97-D375C717A732}.AppStore|x86.ActiveCfg = Release|Any CPU
		{CC7A5197-83F0-4E19-BD97-D375C717A732}.AppStore|x86.Build.0 = Release|Any CPU
		{CC7A5197-83F0-4E19-BD97-D375C717A732}.Debug|Any CPU.ActiveCfg = Debug|Any CPU
		{CC7A5197-83F0-4E19-BD97-D375C717A732}.Debug|Any CPU.Build.0 = Debug|Any CPU
		{CC7A5197-83F0-4E19-BD97-D375C717A732}.Debug|ARM.ActiveCfg = Debug|Any CPU
		{CC7A5197-83F0-4E19-BD97-D375C717A732}.Debug|ARM.Build.0 = Debug|Any CPU
		{CC7A5197-83F0-4E19-BD97-D375C717A732}.Debug|iPhone.ActiveCfg = Debug|Any CPU
		{CC7A5197-83F0-4E19-BD97-D375C717A732}.Debug|iPhone.Build.0 = Debug|Any CPU
		{CC7A5197-83F0-4E19-BD97-D375C717A732}.Debug|iPhoneSimulator.ActiveCfg = Debug|Any CPU
		{CC7A5197-83F0-4E19-BD97-D375C717A732}.Debug|iPhoneSimulator.Build.0 = Debug|Any CPU
		{CC7A5197-83F0-4E19-BD97-D375C717A732}.Debug|x64.ActiveCfg = Debug|Any CPU
		{CC7A5197-83F0-4E19-BD97-D375C717A732}.Debug|x64.Build.0 = Debug|Any CPU
		{CC7A5197-83F0-4E19-BD97-D375C717A732}.Debug|x86.ActiveCfg = Debug|Any CPU
		{CC7A5197-83F0-4E19-BD97-D375C717A732}.Debug|x86.Build.0 = Debug|Any CPU
		{CC7A5197-83F0-4E19-BD97-D375C717A732}.Release|Any CPU.ActiveCfg = Release|Any CPU
		{CC7A5197-83F0-4E19-BD97-D375C717A732}.Release|Any CPU.Build.0 = Release|Any CPU
		{CC7A5197-83F0-4E19-BD97-D375C717A732}.Release|ARM.ActiveCfg = Release|Any CPU
		{CC7A5197-83F0-4E19-BD97-D375C717A732}.Release|ARM.Build.0 = Release|Any CPU
		{CC7A5197-83F0-4E19-BD97-D375C717A732}.Release|iPhone.ActiveCfg = Release|Any CPU
		{CC7A5197-83F0-4E19-BD97-D375C717A732}.Release|iPhone.Build.0 = Release|Any CPU
		{CC7A5197-83F0-4E19-BD97-D375C717A732}.Release|iPhoneSimulator.ActiveCfg = Release|Any CPU
		{CC7A5197-83F0-4E19-BD97-D375C717A732}.Release|iPhoneSimulator.Build.0 = Release|Any CPU
		{CC7A5197-83F0-4E19-BD97-D375C717A732}.Release|x64.ActiveCfg = Release|Any CPU
		{CC7A5197-83F0-4E19-BD97-D375C717A732}.Release|x64.Build.0 = Release|Any CPU
		{CC7A5197-83F0-4E19-BD97-D375C717A732}.Release|x86.ActiveCfg = Release|Any CPU
		{CC7A5197-83F0-4E19-BD97-D375C717A732}.Release|x86.Build.0 = Release|Any CPU
		{773E8C1F-9DB5-42B7-B524-32325B9B0060}.Ad-Hoc|Any CPU.ActiveCfg = Release|Any CPU
		{773E8C1F-9DB5-42B7-B524-32325B9B0060}.Ad-Hoc|Any CPU.Build.0 = Release|Any CPU
		{773E8C1F-9DB5-42B7-B524-32325B9B0060}.Ad-Hoc|ARM.ActiveCfg = Release|Any CPU
		{773E8C1F-9DB5-42B7-B524-32325B9B0060}.Ad-Hoc|ARM.Build.0 = Release|Any CPU
		{773E8C1F-9DB5-42B7-B524-32325B9B0060}.Ad-Hoc|iPhone.ActiveCfg = Release|Any CPU
		{773E8C1F-9DB5-42B7-B524-32325B9B0060}.Ad-Hoc|iPhone.Build.0 = Release|Any CPU
		{773E8C1F-9DB5-42B7-B524-32325B9B0060}.Ad-Hoc|iPhoneSimulator.ActiveCfg = Release|Any CPU
		{773E8C1F-9DB5-42B7-B524-32325B9B0060}.Ad-Hoc|iPhoneSimulator.Build.0 = Release|Any CPU
		{773E8C1F-9DB5-42B7-B524-32325B9B0060}.Ad-Hoc|x64.ActiveCfg = Release|Any CPU
		{773E8C1F-9DB5-42B7-B524-32325B9B0060}.Ad-Hoc|x64.Build.0 = Release|Any CPU
		{773E8C1F-9DB5-42B7-B524-32325B9B0060}.Ad-Hoc|x86.ActiveCfg = Release|Any CPU
		{773E8C1F-9DB5-42B7-B524-32325B9B0060}.Ad-Hoc|x86.Build.0 = Release|Any CPU
		{773E8C1F-9DB5-42B7-B524-32325B9B0060}.AppStore|Any CPU.ActiveCfg = Release|Any CPU
		{773E8C1F-9DB5-42B7-B524-32325B9B0060}.AppStore|Any CPU.Build.0 = Release|Any CPU
		{773E8C1F-9DB5-42B7-B524-32325B9B0060}.AppStore|ARM.ActiveCfg = Release|Any CPU
		{773E8C1F-9DB5-42B7-B524-32325B9B0060}.AppStore|ARM.Build.0 = Release|Any CPU
		{773E8C1F-9DB5-42B7-B524-32325B9B0060}.AppStore|iPhone.ActiveCfg = Release|Any CPU
		{773E8C1F-9DB5-42B7-B524-32325B9B0060}.AppStore|iPhone.Build.0 = Release|Any CPU
		{773E8C1F-9DB5-42B7-B524-32325B9B0060}.AppStore|iPhoneSimulator.ActiveCfg = Release|Any CPU
		{773E8C1F-9DB5-42B7-B524-32325B9B0060}.AppStore|iPhoneSimulator.Build.0 = Release|Any CPU
		{773E8C1F-9DB5-42B7-B524-32325B9B0060}.AppStore|x64.ActiveCfg = Release|Any CPU
		{773E8C1F-9DB5-42B7-B524-32325B9B0060}.AppStore|x64.Build.0 = Release|Any CPU
		{773E8C1F-9DB5-42B7-B524-32325B9B0060}.AppStore|x86.ActiveCfg = Release|Any CPU
		{773E8C1F-9DB5-42B7-B524-32325B9B0060}.AppStore|x86.Build.0 = Release|Any CPU
		{773E8C1F-9DB5-42B7-B524-32325B9B0060}.Debug|Any CPU.ActiveCfg = Debug|Any CPU
		{773E8C1F-9DB5-42B7-B524-32325B9B0060}.Debug|Any CPU.Build.0 = Debug|Any CPU
		{773E8C1F-9DB5-42B7-B524-32325B9B0060}.Debug|ARM.ActiveCfg = Debug|Any CPU
		{773E8C1F-9DB5-42B7-B524-32325B9B0060}.Debug|ARM.Build.0 = Debug|Any CPU
		{773E8C1F-9DB5-42B7-B524-32325B9B0060}.Debug|iPhone.ActiveCfg = Debug|Any CPU
		{773E8C1F-9DB5-42B7-B524-32325B9B0060}.Debug|iPhone.Build.0 = Debug|Any CPU
		{773E8C1F-9DB5-42B7-B524-32325B9B0060}.Debug|iPhoneSimulator.ActiveCfg = Debug|Any CPU
		{773E8C1F-9DB5-42B7-B524-32325B9B0060}.Debug|iPhoneSimulator.Build.0 = Debug|Any CPU
		{773E8C1F-9DB5-42B7-B524-32325B9B0060}.Debug|x64.ActiveCfg = Debug|Any CPU
		{773E8C1F-9DB5-42B7-B524-32325B9B0060}.Debug|x64.Build.0 = Debug|Any CPU
		{773E8C1F-9DB5-42B7-B524-32325B9B0060}.Debug|x86.ActiveCfg = Debug|Any CPU
		{773E8C1F-9DB5-42B7-B524-32325B9B0060}.Debug|x86.Build.0 = Debug|Any CPU
		{773E8C1F-9DB5-42B7-B524-32325B9B0060}.Release|Any CPU.ActiveCfg = Release|Any CPU
		{773E8C1F-9DB5-42B7-B524-32325B9B0060}.Release|Any CPU.Build.0 = Release|Any CPU
		{773E8C1F-9DB5-42B7-B524-32325B9B0060}.Release|ARM.ActiveCfg = Release|Any CPU
		{773E8C1F-9DB5-42B7-B524-32325B9B0060}.Release|ARM.Build.0 = Release|Any CPU
		{773E8C1F-9DB5-42B7-B524-32325B9B0060}.Release|iPhone.ActiveCfg = Release|Any CPU
		{773E8C1F-9DB5-42B7-B524-32325B9B0060}.Release|iPhone.Build.0 = Release|Any CPU
		{773E8C1F-9DB5-42B7-B524-32325B9B0060}.Release|iPhoneSimulator.ActiveCfg = Release|Any CPU
		{773E8C1F-9DB5-42B7-B524-32325B9B0060}.Release|iPhoneSimulator.Build.0 = Release|Any CPU
		{773E8C1F-9DB5-42B7-B524-32325B9B0060}.Release|x64.ActiveCfg = Release|Any CPU
		{773E8C1F-9DB5-42B7-B524-32325B9B0060}.Release|x64.Build.0 = Release|Any CPU
		{773E8C1F-9DB5-42B7-B524-32325B9B0060}.Release|x86.ActiveCfg = Release|Any CPU
		{773E8C1F-9DB5-42B7-B524-32325B9B0060}.Release|x86.Build.0 = Release|Any CPU
		{4FECF88C-C73D-414E-B3D9-30D24BCEBA0E}.Ad-Hoc|Any CPU.ActiveCfg = Release|Any CPU
		{4FECF88C-C73D-414E-B3D9-30D24BCEBA0E}.Ad-Hoc|Any CPU.Build.0 = Release|Any CPU
		{4FECF88C-C73D-414E-B3D9-30D24BCEBA0E}.Ad-Hoc|ARM.ActiveCfg = Release|Any CPU
		{4FECF88C-C73D-414E-B3D9-30D24BCEBA0E}.Ad-Hoc|ARM.Build.0 = Release|Any CPU
		{4FECF88C-C73D-414E-B3D9-30D24BCEBA0E}.Ad-Hoc|iPhone.ActiveCfg = Release|Any CPU
		{4FECF88C-C73D-414E-B3D9-30D24BCEBA0E}.Ad-Hoc|iPhone.Build.0 = Release|Any CPU
		{4FECF88C-C73D-414E-B3D9-30D24BCEBA0E}.Ad-Hoc|iPhoneSimulator.ActiveCfg = Release|Any CPU
		{4FECF88C-C73D-414E-B3D9-30D24BCEBA0E}.Ad-Hoc|iPhoneSimulator.Build.0 = Release|Any CPU
		{4FECF88C-C73D-414E-B3D9-30D24BCEBA0E}.Ad-Hoc|x64.ActiveCfg = Release|Any CPU
		{4FECF88C-C73D-414E-B3D9-30D24BCEBA0E}.Ad-Hoc|x64.Build.0 = Release|Any CPU
		{4FECF88C-C73D-414E-B3D9-30D24BCEBA0E}.Ad-Hoc|x86.ActiveCfg = Release|Any CPU
		{4FECF88C-C73D-414E-B3D9-30D24BCEBA0E}.Ad-Hoc|x86.Build.0 = Release|Any CPU
		{4FECF88C-C73D-414E-B3D9-30D24BCEBA0E}.AppStore|Any CPU.ActiveCfg = Release|Any CPU
		{4FECF88C-C73D-414E-B3D9-30D24BCEBA0E}.AppStore|Any CPU.Build.0 = Release|Any CPU
		{4FECF88C-C73D-414E-B3D9-30D24BCEBA0E}.AppStore|ARM.ActiveCfg = Release|Any CPU
		{4FECF88C-C73D-414E-B3D9-30D24BCEBA0E}.AppStore|ARM.Build.0 = Release|Any CPU
		{4FECF88C-C73D-414E-B3D9-30D24BCEBA0E}.AppStore|iPhone.ActiveCfg = Release|Any CPU
		{4FECF88C-C73D-414E-B3D9-30D24BCEBA0E}.AppStore|iPhone.Build.0 = Release|Any CPU
		{4FECF88C-C73D-414E-B3D9-30D24BCEBA0E}.AppStore|iPhoneSimulator.ActiveCfg = Release|Any CPU
		{4FECF88C-C73D-414E-B3D9-30D24BCEBA0E}.AppStore|iPhoneSimulator.Build.0 = Release|Any CPU
		{4FECF88C-C73D-414E-B3D9-30D24BCEBA0E}.AppStore|x64.ActiveCfg = Release|Any CPU
		{4FECF88C-C73D-414E-B3D9-30D24BCEBA0E}.AppStore|x64.Build.0 = Release|Any CPU
		{4FECF88C-C73D-414E-B3D9-30D24BCEBA0E}.AppStore|x86.ActiveCfg = Release|Any CPU
		{4FECF88C-C73D-414E-B3D9-30D24BCEBA0E}.AppStore|x86.Build.0 = Release|Any CPU
		{4FECF88C-C73D-414E-B3D9-30D24BCEBA0E}.Debug|Any CPU.ActiveCfg = Debug|Any CPU
		{4FECF88C-C73D-414E-B3D9-30D24BCEBA0E}.Debug|Any CPU.Build.0 = Debug|Any CPU
		{4FECF88C-C73D-414E-B3D9-30D24BCEBA0E}.Debug|ARM.ActiveCfg = Debug|Any CPU
		{4FECF88C-C73D-414E-B3D9-30D24BCEBA0E}.Debug|ARM.Build.0 = Debug|Any CPU
		{4FECF88C-C73D-414E-B3D9-30D24BCEBA0E}.Debug|iPhone.ActiveCfg = Debug|Any CPU
		{4FECF88C-C73D-414E-B3D9-30D24BCEBA0E}.Debug|iPhone.Build.0 = Debug|Any CPU
		{4FECF88C-C73D-414E-B3D9-30D24BCEBA0E}.Debug|iPhoneSimulator.ActiveCfg = Debug|Any CPU
		{4FECF88C-C73D-414E-B3D9-30D24BCEBA0E}.Debug|iPhoneSimulator.Build.0 = Debug|Any CPU
		{4FECF88C-C73D-414E-B3D9-30D24BCEBA0E}.Debug|x64.ActiveCfg = Debug|Any CPU
		{4FECF88C-C73D-414E-B3D9-30D24BCEBA0E}.Debug|x64.Build.0 = Debug|Any CPU
		{4FECF88C-C73D-414E-B3D9-30D24BCEBA0E}.Debug|x86.ActiveCfg = Debug|Any CPU
		{4FECF88C-C73D-414E-B3D9-30D24BCEBA0E}.Debug|x86.Build.0 = Debug|Any CPU
		{4FECF88C-C73D-414E-B3D9-30D24BCEBA0E}.Release|Any CPU.ActiveCfg = Release|Any CPU
		{4FECF88C-C73D-414E-B3D9-30D24BCEBA0E}.Release|Any CPU.Build.0 = Release|Any CPU
		{4FECF88C-C73D-414E-B3D9-30D24BCEBA0E}.Release|ARM.ActiveCfg = Release|Any CPU
		{4FECF88C-C73D-414E-B3D9-30D24BCEBA0E}.Release|ARM.Build.0 = Release|Any CPU
		{4FECF88C-C73D-414E-B3D9-30D24BCEBA0E}.Release|iPhone.ActiveCfg = Release|Any CPU
		{4FECF88C-C73D-414E-B3D9-30D24BCEBA0E}.Release|iPhone.Build.0 = Release|Any CPU
		{4FECF88C-C73D-414E-B3D9-30D24BCEBA0E}.Release|iPhoneSimulator.ActiveCfg = Release|Any CPU
		{4FECF88C-C73D-414E-B3D9-30D24BCEBA0E}.Release|iPhoneSimulator.Build.0 = Release|Any CPU
		{4FECF88C-C73D-414E-B3D9-30D24BCEBA0E}.Release|x64.ActiveCfg = Release|Any CPU
		{4FECF88C-C73D-414E-B3D9-30D24BCEBA0E}.Release|x64.Build.0 = Release|Any CPU
		{4FECF88C-C73D-414E-B3D9-30D24BCEBA0E}.Release|x86.ActiveCfg = Release|Any CPU
		{4FECF88C-C73D-414E-B3D9-30D24BCEBA0E}.Release|x86.Build.0 = Release|Any CPU
	EndGlobalSection
	GlobalSection(SolutionProperties) = preSolution
		HideSolutionNode = FALSE
	EndGlobalSection
	GlobalSection(ExtensibilityGlobals) = postSolution
		SolutionGuid = {6EAD37D4-E240-4E61-B8E7-35DE53C62040}
	EndGlobalSection
EndGlobal
